
Microsoft Visual Studio Solution File, Format Version 12.00
# Visual Studio 15
VisualStudioVersion = 15.0.28307.329
MinimumVisualStudioVersion = 10.0.40219.1
Project("{9A19103F-16F7-4668-BE54-9A1E7A4F7556}") = "GetWeatherApi", "GetWeatherApi\GetWeatherApi.csproj", "{222E757F-243A-4CE4-81C1-BA2EC78B1CB8}"
EndProject
Project("{FAE04EC0-301F-11D3-BF4B-00C04F79EFBC}") = "GetWeaterPhoneApp.Android", "GetWeaterPhoneApp\GetWeaterPhoneApp.Android\GetWeaterPhoneApp.Android.csproj", "{888F6D1D-C8B7-47B5-AE4A-49CDBBE9F86C}"
EndProject
Project("{9A19103F-16F7-4668-BE54-9A1E7A4F7556}") = "GetWeaterPhoneApp", "GetWeaterPhoneApp\GetWeaterPhoneApp\GetWeaterPhoneApp.csproj", "{A2D546E1-4804-4EFA-87F8-98FFB5FF3791}"
EndProject
Global
	GlobalSection(SolutionConfigurationPlatforms) = preSolution
		Ad-Hoc|Any CPU = Ad-Hoc|Any CPU
		Ad-Hoc|iPhone = Ad-Hoc|iPhone
		Ad-Hoc|iPhoneSimulator = Ad-Hoc|iPhoneSimulator
		AppStore|Any CPU = AppStore|Any CPU
		AppStore|iPhone = AppStore|iPhone
		AppStore|iPhoneSimulator = AppStore|iPhoneSimulator
		Debug|Any CPU = Debug|Any CPU
		Debug|iPhone = Debug|iPhone
		Debug|iPhoneSimulator = Debug|iPhoneSimulator
		Release|Any CPU = Release|Any CPU
		Release|iPhone = Release|iPhone
		Release|iPhoneSimulator = Release|iPhoneSimulator
	EndGlobalSection
	GlobalSection(ProjectConfigurationPlatforms) = postSolution
		{222E757F-243A-4CE4-81C1-BA2EC78B1CB8}.Ad-Hoc|Any CPU.ActiveCfg = Debug|Any CPU
		{222E757F-243A-4CE4-81C1-BA2EC78B1CB8}.Ad-Hoc|Any CPU.Build.0 = Debug|Any CPU
		{222E757F-243A-4CE4-81C1-BA2EC78B1CB8}.Ad-Hoc|iPhone.ActiveCfg = Debug|Any CPU
		{222E757F-243A-4CE4-81C1-BA2EC78B1CB8}.Ad-Hoc|iPhone.Build.0 = Debug|Any CPU
		{222E757F-243A-4CE4-81C1-BA2EC78B1CB8}.Ad-Hoc|iPhoneSimulator.ActiveCfg = Debug|Any CPU
		{222E757F-243A-4CE4-81C1-BA2EC78B1CB8}.Ad-Hoc|iPhoneSimulator.Build.0 = Debug|Any CPU
		{222E757F-243A-4CE4-81C1-BA2EC78B1CB8}.AppStore|Any CPU.ActiveCfg = Debug|Any CPU
		{222E757F-243A-4CE4-81C1-BA2EC78B1CB8}.AppStore|Any CPU.Build.0 = Debug|Any CPU
		{222E757F-243A-4CE4-81C1-BA2EC78B1CB8}.AppStore|iPhone.ActiveCfg = Debug|Any CPU
		{222E757F-243A-4CE4-81C1-BA2EC78B1CB8}.AppStore|iPhone.Build.0 = Debug|Any CPU
		{222E757F-243A-4CE4-81C1-BA2EC78B1CB8}.AppStore|iPhoneSimulator.ActiveCfg = Debug|Any CPU
		{222E757F-243A-4CE4-81C1-BA2EC78B1CB8}.AppStore|iPhoneSimulator.Build.0 = Debug|Any CPU
		{222E757F-243A-4CE4-81C1-BA2EC78B1CB8}.Debug|Any CPU.ActiveCfg = Debug|Any CPU
		{222E757F-243A-4CE4-81C1-BA2EC78B1CB8}.Debug|Any CPU.Build.0 = Debug|Any CPU
		{222E757F-243A-4CE4-81C1-BA2EC78B1CB8}.Debug|iPhone.ActiveCfg = Debug|Any CPU
		{222E757F-243A-4CE4-81C1-BA2EC78B1CB8}.Debug|iPhone.Build.0 = Debug|Any CPU
		{222E757F-243A-4CE4-81C1-BA2EC78B1CB8}.Debug|iPhoneSimulator.ActiveCfg = Debug|Any CPU
		{222E757F-243A-4CE4-81C1-BA2EC78B1CB8}.Debug|iPhoneSimulator.Build.0 = Debug|Any CPU
		{222E757F-243A-4CE4-81C1-BA2EC78B1CB8}.Release|Any CPU.ActiveCfg = Release|Any CPU
		{222E757F-243A-4CE4-81C1-BA2EC78B1CB8}.Release|Any CPU.Build.0 = Release|Any CPU
		{222E757F-243A-4CE4-81C1-BA2EC78B1CB8}.Release|iPhone.ActiveCfg = Release|Any CPU
		{222E757F-243A-4CE4-81C1-BA2EC78B1CB8}.Release|iPhone.Build.0 = Release|Any CPU
		{222E757F-243A-4CE4-81C1-BA2EC78B1CB8}.Release|iPhoneSimulator.ActiveCfg = Release|Any CPU
		{222E757F-243A-4CE4-81C1-BA2EC78B1CB8}.Release|iPhoneSimulator.Build.0 = Release|Any CPU
		{888F6D1D-C8B7-47B5-AE4A-49CDBBE9F86C}.Ad-Hoc|Any CPU.ActiveCfg = Release|Any CPU
		{888F6D1D-C8B7-47B5-AE4A-49CDBBE9F86C}.Ad-Hoc|Any CPU.Build.0 = Release|Any CPU
		{888F6D1D-C8B7-47B5-AE4A-49CDBBE9F86C}.Ad-Hoc|Any CPU.Deploy.0 = Release|Any CPU
		{888F6D1D-C8B7-47B5-AE4A-49CDBBE9F86C}.Ad-Hoc|iPhone.ActiveCfg = Release|Any CPU
		{888F6D1D-C8B7-47B5-AE4A-49CDBBE9F86C}.Ad-Hoc|iPhone.Build.0 = Release|Any CPU
		{888F6D1D-C8B7-47B5-AE4A-49CDBBE9F86C}.Ad-Hoc|iPhone.Deploy.0 = Release|Any CPU
		{888F6D1D-C8B7-47B5-AE4A-49CDBBE9F86C}.Ad-Hoc|iPhoneSimulator.ActiveCfg = Release|Any CPU
		{888F6D1D-C8B7-47B5-AE4A-49CDBBE9F86C}.Ad-Hoc|iPhoneSimulator.Build.0 = Release|Any CPU
		{888F6D1D-C8B7-47B5-AE4A-49CDBBE9F86C}.Ad-Hoc|iPhoneSimulator.Deploy.0 = Release|Any CPU
		{888F6D1D-C8B7-47B5-AE4A-49CDBBE9F86C}.AppStore|Any CPU.ActiveCfg = Release|Any CPU
		{888F6D1D-C8B7-47B5-AE4A-49CDBBE9F86C}.AppStore|Any CPU.Build.0 = Release|Any CPU
		{888F6D1D-C8B7-47B5-AE4A-49CDBBE9F86C}.AppStore|Any CPU.Deploy.0 = Release|Any CPU
		{888F6D1D-C8B7-47B5-AE4A-49CDBBE9F86C}.AppStore|iPhone.ActiveCfg = Release|Any CPU
		{888F6D1D-C8B7-47B5-AE4A-49CDBBE9F86C}.AppStore|iPhone.Build.0 = Release|Any CPU
		{888F6D1D-C8B7-47B5-AE4A-49CDBBE9F86C}.AppStore|iPhone.Deploy.0 = Release|Any CPU
		{888F6D1D-C8B7-47B5-AE4A-49CDBBE9F86C}.AppStore|iPhoneSimulator.ActiveCfg = Release|Any CPU
		{888F6D1D-C8B7-47B5-AE4A-49CDBBE9F86C}.AppStore|iPhoneSimulator.Build.0 = Release|Any CPU
		{888F6D1D-C8B7-47B5-AE4A-49CDBBE9F86C}.AppStore|iPhoneSimulator.Deploy.0 = Release|Any CPU
		{888F6D1D-C8B7-47B5-AE4A-49CDBBE9F86C}.Debug|Any CPU.ActiveCfg = Debug|Any CPU
		{888F6D1D-C8B7-47B5-AE4A-49CDBBE9F86C}.Debug|Any CPU.Build.0 = Debug|Any CPU
		{888F6D1D-C8B7-47B5-AE4A-49CDBBE9F86C}.Debug|Any CPU.Deploy.0 = Debug|Any CPU
		{888F6D1D-C8B7-47B5-AE4A-49CDBBE9F86C}.Debug|iPhone.ActiveCfg = Debug|Any CPU
		{888F6D1D-C8B7-47B5-AE4A-49CDBBE9F86C}.Debug|iPhone.Build.0 = Debug|Any CPU
		{888F6D1D-C8B7-47B5-AE4A-49CDBBE9F86C}.Debug|iPhone.Deploy.0 = Debug|Any CPU
		{888F6D1D-C8B7-47B5-AE4A-49CDBBE9F86C}.Debug|iPhoneSimulator.ActiveCfg = Debug|Any CPU
		{888F6D1D-C8B7-47B5-AE4A-49CDBBE9F86C}.Debug|iPhoneSimulator.Build.0 = Debug|Any CPU
		{888F6D1D-C8B7-47B5-AE4A-49CDBBE9F86C}.Debug|iPhoneSimulator.Deploy.0 = Debug|Any CPU
		{888F6D1D-C8B7-47B5-AE4A-49CDBBE9F86C}.Release|Any CPU.ActiveCfg = Release|Any CPU
		{888F6D1D-C8B7-47B5-AE4A-49CDBBE9F86C}.Release|Any CPU.Build.0 = Release|Any CPU
		{888F6D1D-C8B7-47B5-AE4A-49CDBBE9F86C}.Release|Any CPU.Deploy.0 = Release|Any CPU
		{888F6D1D-C8B7-47B5-AE4A-49CDBBE9F86C}.Release|iPhone.ActiveCfg = Release|Any CPU
		{888F6D1D-C8B7-47B5-AE4A-49CDBBE9F86C}.Release|iPhone.Build.0 = Release|Any CPU
		{888F6D1D-C8B7-47B5-AE4A-49CDBBE9F86C}.Release|iPhone.Deploy.0 = Release|Any CPU
		{888F6D1D-C8B7-47B5-AE4A-49CDBBE9F86C}.Release|iPhoneSimulator.ActiveCfg = Release|Any CPU
		{888F6D1D-C8B7-47B5-AE4A-49CDBBE9F86C}.Release|iPhoneSimulator.Build.0 = Release|Any CPU
		{888F6D1D-C8B7-47B5-AE4A-49CDBBE9F86C}.Release|iPhoneSimulator.Deploy.0 = Release|Any CPU
		{A2D546E1-4804-4EFA-87F8-98FFB5FF3791}.Ad-Hoc|Any CPU.ActiveCfg = Debug|Any CPU
		{A2D546E1-4804-4EFA-87F8-98FFB5FF3791}.Ad-Hoc|Any CPU.Build.0 = Debug|Any CPU
		{A2D546E1-4804-4EFA-87F8-98FFB5FF3791}.Ad-Hoc|iPhone.ActiveCfg = Debug|Any CPU
		{A2D546E1-4804-4EFA-87F8-98FFB5FF3791}.Ad-Hoc|iPhone.Build.0 = Debug|Any CPU
		{A2D546E1-4804-4EFA-87F8-98FFB5FF3791}.Ad-Hoc|iPhoneSimulator.ActiveCfg = Debug|Any CPU
		{A2D546E1-4804-4EFA-87F8-98FFB5FF3791}.Ad-Hoc|iPhoneSimulator.Build.0 = Debug|Any CPU
		{A2D546E1-4804-4EFA-87F8-98FFB5FF3791}.AppStore|Any CPU.ActiveCfg = Debug|Any CPU
		{A2D546E1-4804-4EFA-87F8-98FFB5FF3791}.AppStore|Any CPU.Build.0 = Debug|Any CPU
		{A2D546E1-4804-4EFA-87F8-98FFB5FF3791}.AppStore|iPhone.ActiveCfg = Debug|Any CPU
		{A2D546E1-4804-4EFA-87F8-98FFB5FF3791}.AppStore|iPhone.Build.0 = Debug|Any CPU
		{A2D546E1-4804-4EFA-87F8-98FFB5FF3791}.AppStore|iPhoneSimulator.ActiveCfg = Debug|Any CPU
		{A2D546E1-4804-4EFA-87F8-98FFB5FF3791}.AppStore|iPhoneSimulator.Build.0 = Debug|Any CPU
		{A2D546E1-4804-4EFA-87F8-98FFB5FF3791}.Debug|Any CPU.ActiveCfg = Debug|Any CPU
		{A2D546E1-4804-4EFA-87F8-98FFB5FF3791}.Debug|Any CPU.Build.0 = Debug|Any CPU
		{A2D546E1-4804-4EFA-87F8-98FFB5FF3791}.Debug|iPhone.ActiveCfg = Debug|Any CPU
		{A2D546E1-4804-4EFA-87F8-98FFB5FF3791}.Debug|iPhone.Build.0 = Debug|Any CPU
		{A2D546E1-4804-4EFA-87F8-98FFB5FF3791}.Debug|iPhoneSimulator.ActiveCfg = Debug|Any CPU
		{A2D546E1-4804-4EFA-87F8-98FFB5FF3791}.Debug|iPhoneSimulator.Build.0 = Debug|Any CPU
		{A2D546E1-4804-4EFA-87F8-98FFB5FF3791}.Release|Any CPU.ActiveCfg = Release|Any CPU
		{A2D546E1-4804-4EFA-87F8-98FFB5FF3791}.Release|Any CPU.Build.0 = Release|Any CPU
		{A2D546E1-4804-4EFA-87F8-98FFB5FF3791}.Release|iPhone.ActiveCfg = Release|Any CPU
		{A2D546E1-4804-4EFA-87F8-98FFB5FF3791}.Release|iPhone.Build.0 = Release|Any CPU
		{A2D546E1-4804-4EFA-87F8-98FFB5FF3791}.Release|iPhoneSimulator.ActiveCfg = Release|Any CPU
		{A2D546E1-4804-4EFA-87F8-98FFB5FF3791}.Release|iPhoneSimulator.Build.0 = Release|Any CPU
	EndGlobalSection
	GlobalSection(SolutionProperties) = preSolution
		HideSolutionNode = FALSE
	EndGlobalSection
	GlobalSection(ExtensibilityGlobals) = postSolution
		SolutionGuid = {0B1D9B26-3459-4B0C-BD80-D27ADCC8CC48}
	EndGlobalSection
EndGlobal
